{
  "name": "boot",
  "version": "0.0.0",
  "lockfileVersion": 1,
  "dependencies": {
    "@angular/animations": {
      "version": "4.3.3",
      "resolved": "https://registry.npmjs.org/@angular/animations/-/animations-4.3.3.tgz",
      "integrity": "sha1-tx3dRTZzkp9VCxccypmVKzqqgxw="
    },
    "@angular/cdk": {
      "version": "2.0.0-beta.8",
      "resolved": "https://registry.npmjs.org/@angular/cdk/-/cdk-2.0.0-beta.8.tgz",
      "integrity": "sha512-OOtK+AA14cmRG9AbUgvoKC9Tooz0N37GTaRSV+xziC8GxXHgwvTu4PFSFHlBnHPipOYC/tB2oP39j3KuurEMPA=="
    },
    "@angular/material": {
      "version": "2.0.0-beta.8",
      "resolved": "https://registry.npmjs.org/@angular/material/-/material-2.0.0-beta.8.tgz",
      "integrity": "sha512-4+OecvjU15i+l/vXBP2qEHdlsU9taK6kBhsWKsxNLK3+TAVoV5qjc2rjOucHtTwI/oOjyBXnLJP6pl4tuLEUQw=="
    },
    "tslib": {
      "version": "1.7.1",
      "resolved": "https://registry.npmjs.org/tslib/-/tslib-1.7.1.tgz",
      "integrity": "sha1-vIAEFkaRkjp5/oN4u+s9ogF1OOw="
    }
  }
}
